
Microsoft Visual Studio Solution File, Format Version 12.00
# Visual Studio Version 17
VisualStudioVersion = 17.10.35013.160
MinimumVisualStudioVersion = 10.0.40219.1
Project("{FAE04EC0-301F-11D3-BF4B-00C04F79EFBC}") = "joculet", "joculet\joculet.csproj", "{92A22C76-AE59-4937-8339-6621D2400348}"
EndProject
Global
	GlobalSection(SolutionConfigurationPlatforms) = preSolution
		Debug|Any CPU = Debug|Any CPU
		Release|Any CPU = Release|Any CPU
	EndGlobalSection
	GlobalSection(ProjectConfigurationPlatforms) = postSolution
		{92A22C76-AE59-4937-8339-6621D2400348}.Debug|Any CPU.ActiveCfg = Debug|Any CPU
		{92A22C76-AE59-4937-8339-6621D2400348}.Debug|Any CPU.Build.0 = Debug|Any CPU
		{92A22C76-AE59-4937-8339-6621D2400348}.Release|Any CPU.ActiveCfg = Release|Any CPU
		{92A22C76-AE59-4937-8339-6621D2400348}.Release|Any CPU.Build.0 = Release|Any CPU
	EndGlobalSection
	GlobalSection(SolutionProperties) = preSolution
		HideSolutionNode = FALSE
	EndGlobalSection
	GlobalSection(ExtensibilityGlobals) = postSolution
		SolutionGuid = {32FD27D6-0790-4D23-96EE-626CB2D366FA}
	EndGlobalSection
EndGlobal
